Microsoft Visual Studio Solution File, Format Version 12.00
# Visual Studio 15
VisualStudioVersion = 15.0.27703.2035
MinimumVisualStudioVersion = 10.0.40219.1
Project("{FAE04EC0-301F-11D3-BF4B-00C04F79EFBC}") = "HelloBindingCollections.Android", "HelloBindingCollections.Android\HelloBindingCollections.Android.csproj", "{AB91B4C5-A536-448D-9987-2625377F7845}"
EndProject
Project("{FAE04EC0-301F-11D3-BF4B-00C04F79EFBC}") = "HelloBindingCollections.iOS", "HelloBindingCollections.iOS\HelloBindingCollections.iOS.csproj", "{CF55D270-9106-46AE-A26E-FFBA8806EE2E}"
EndProject
Project("{9A19103F-16F7-4668-BE54-9A1E7A4F7556}") = "HelloBindingCollections", "HelloBindingCollections\HelloBindingCollections.csproj", "{BBCFA6D5-95EA-4B68-A49D-87F644373A38}"
EndProject
Global
	GlobalSection(SolutionConfigurationPlatforms) = preSolution
		Ad-Hoc|Any CPU = Ad-Hoc|Any CPU
		Ad-Hoc|iPhone = Ad-Hoc|iPhone
		Ad-Hoc|iPhoneSimulator = Ad-Hoc|iPhoneSimulator
		AppStore|Any CPU = AppStore|Any CPU
		AppStore|iPhone = AppStore|iPhone
		AppStore|iPhoneSimulator = AppStore|iPhoneSimulator
		Debug|Any CPU = Debug|Any CPU
		Debug|iPhone = Debug|iPhone
		Debug|iPhoneSimulator = Debug|iPhoneSimulator
		Release|Any CPU = Release|Any CPU
		Release|iPhone = Release|iPhone
		Release|iPhoneSimulator = Release|iPhoneSimulator
	EndGlobalSection
	GlobalSection(ProjectConfigurationPlatforms) = postSolution
		{AB91B4C5-A536-448D-9987-2625377F7845}.Ad-Hoc|Any CPU.ActiveCfg = Release|Any CPU
		{AB91B4C5-A536-448D-9987-2625377F7845}.Ad-Hoc|Any CPU.Build.0 = Release|Any CPU
		{AB91B4C5-A536-448D-9987-2625377F7845}.Ad-Hoc|Any CPU.Deploy.0 = Release|Any CPU
		{AB91B4C5-A536-448D-9987-2625377F7845}.Ad-Hoc|iPhone.ActiveCfg = Debug|Any CPU
		{AB91B4C5-A536-448D-9987-2625377F7845}.Ad-Hoc|iPhone.Build.0 = Debug|Any CPU
		{AB91B4C5-A536-448D-9987-2625377F7845}.Ad-Hoc|iPhoneSimulator.ActiveCfg = Release|Any CPU
		{AB91B4C5-A536-448D-9987-2625377F7845}.Ad-Hoc|iPhoneSimulator.Build.0 = Release|Any CPU
		{AB91B4C5-A536-448D-9987-2625377F7845}.Ad-Hoc|iPhoneSimulator.Deploy.0 = Release|Any CPU
		{AB91B4C5-A536-448D-9987-2625377F7845}.AppStore|Any CPU.ActiveCfg = Release|Any CPU
		{AB91B4C5-A536-448D-9987-2625377F7845}.AppStore|Any CPU.Build.0 = Release|Any CPU
		{AB91B4C5-A536-448D-9987-2625377F7845}.AppStore|Any CPU.Deploy.0 = Release|Any CPU
		{AB91B4C5-A536-448D-9987-2625377F7845}.AppStore|iPhone.ActiveCfg = Debug|Any CPU
		{AB91B4C5-A536-448D-9987-2625377F7845}.AppStore|iPhone.Build.0 = Debug|Any CPU
		{AB91B4C5-A536-448D-9987-2625377F7845}.AppStore|iPhoneSimulator.ActiveCfg = Release|Any CPU
		{AB91B4C5-A536-448D-9987-2625377F7845}.AppStore|iPhoneSimulator.Build.0 = Release|Any CPU
		{AB91B4C5-A536-448D-9987-2625377F7845}.AppStore|iPhoneSimulator.Deploy.0 = Release|Any CPU
		{AB91B4C5-A536-448D-9987-2625377F7845}.Debug|Any CPU.ActiveCfg = Debug|Any CPU
		{AB91B4C5-A536-448D-9987-2625377F7845}.Debug|Any CPU.Build.0 = Debug|Any CPU
		{AB91B4C5-A536-448D-9987-2625377F7845}.Debug|Any CPU.Deploy.0 = Debug|Any CPU
		{AB91B4C5-A536-448D-9987-2625377F7845}.Debug|iPhone.ActiveCfg = Debug|Any CPU
		{AB91B4C5-A536-448D-9987-2625377F7845}.Debug|iPhone.Build.0 = Debug|Any CPU
		{AB91B4C5-A536-448D-9987-2625377F7845}.Debug|iPhoneSimulator.ActiveCfg = Debug|Any CPU
		{AB91B4C5-A536-448D-9987-2625377F7845}.Debug|iPhoneSimulator.Build.0 = Debug|Any CPU
		{AB91B4C5-A536-448D-9987-2625377F7845}.Release|Any CPU.ActiveCfg = Release|Any CPU
		{AB91B4C5-A536-448D-9987-2625377F7845}.Release|Any CPU.Build.0 = Release|Any CPU
		{AB91B4C5-A536-448D-9987-2625377F7845}.Release|iPhone.ActiveCfg = Release|Any CPU
		{AB91B4C5-A536-448D-9987-2625377F7845}.Release|iPhone.Build.0 = Release|Any CPU
		{AB91B4C5-A536-448D-9987-2625377F7845}.Release|iPhoneSimulator.ActiveCfg = Release|Any CPU
		{AB91B4C5-A536-448D-9987-2625377F7845}.Release|iPhoneSimulator.Build.0 = Release|Any CPU
		{CF55D270-9106-46AE-A26E-FFBA8806EE2E}.Ad-Hoc|Any CPU.ActiveCfg = Ad-Hoc|iPhoneSimulator
		{CF55D270-9106-46AE-A26E-FFBA8806EE2E}.Ad-Hoc|iPhone.ActiveCfg = Ad-Hoc|iPhone
		{CF55D270-9106-46AE-A26E-FFBA8806EE2E}.Ad-Hoc|iPhone.Build.0 = Ad-Hoc|iPhone
		{CF55D270-9106-46AE-A26E-FFBA8806EE2E}.Ad-Hoc|iPhoneSimulator.ActiveCfg = Ad-Hoc|iPhoneSimulator
		{CF55D270-9106-46AE-A26E-FFBA8806EE2E}.Ad-Hoc|iPhoneSimulator.Build.0 = Ad-Hoc|iPhoneSimulator
		{CF55D270-9106-46AE-A26E-FFBA8806EE2E}.AppStore|Any CPU.ActiveCfg = AppStore|iPhoneSimulator
		{CF55D270-9106-46AE-A26E-FFBA8806EE2E}.AppStore|iPhone.ActiveCfg = AppStore|iPhone
		{CF55D270-9106-46AE-A26E-FFBA8806EE2E}.AppStore|iPhone.Build.0 = AppStore|iPhone
		{CF55D270-9106-46AE-A26E-FFBA8806EE2E}.AppStore|iPhoneSimulator.ActiveCfg = AppStore|iPhoneSimulator
		{CF55D270-9106-46AE-A26E-FFBA8806EE2E}.AppStore|iPhoneSimulator.Build.0 = AppStore|iPhoneSimulator
		{CF55D270-9106-46AE-A26E-FFBA8806EE2E}.Debug|Any CPU.ActiveCfg = Debug|iPhoneSimulator
		{CF55D270-9106-46AE-A26E-FFBA8806EE2E}.Debug|Any CPU.Build.0 = Debug|iPhoneSimulator
		{CF55D270-9106-46AE-A26E-FFBA8806EE2E}.Debug|iPhone.ActiveCfg = Debug|iPhone
		{CF55D270-9106-46AE-A26E-FFBA8806EE2E}.Debug|iPhone.Build.0 = Debug|iPhone
		{CF55D270-9106-46AE-A26E-FFBA8806EE2E}.Debug|iPhoneSimulator.ActiveCfg = Debug|iPhoneSimulator
		{CF55D270-9106-46AE-A26E-FFBA8806EE2E}.Debug|iPhoneSimulator.Build.0 = Debug|iPhoneSimulator
		{CF55D270-9106-46AE-A26E-FFBA8806EE2E}.Release|Any CPU.ActiveCfg = Release|iPhoneSimulator
		{CF55D270-9106-46AE-A26E-FFBA8806EE2E}.Release|Any CPU.Build.0 = Release|iPhoneSimulator
		{CF55D270-9106-46AE-A26E-FFBA8806EE2E}.Release|iPhone.ActiveCfg = Release|iPhone
		{CF55D270-9106-46AE-A26E-FFBA8806EE2E}.Release|iPhone.Build.0 = Release|iPhone
		{CF55D270-9106-46AE-A26E-FFBA8806EE2E}.Release|iPhoneSimulator.ActiveCfg = Release|iPhoneSimulator
		{CF55D270-9106-46AE-A26E-FFBA8806EE2E}.Release|iPhoneSimulator.Build.0 = Release|iPhoneSimulator
		{BBCFA6D5-95EA-4B68-A49D-87F644373A38}.Ad-Hoc|Any CPU.ActiveCfg = Release|Any CPU
		{BBCFA6D5-95EA-4B68-A49D-87F644373A38}.Ad-Hoc|Any CPU.Build.0 = Release|Any CPU
		{BBCFA6D5-95EA-4B68-A49D-87F644373A38}.Ad-Hoc|iPhone.ActiveCfg = Debug|Any CPU
		{BBCFA6D5-95EA-4B68-A49D-87F644373A38}.Ad-Hoc|iPhone.Build.0 = Debug|Any CPU
		{BBCFA6D5-95EA-4B68-A49D-87F644373A38}.Ad-Hoc|iPhoneSimulator.ActiveCfg = Release|Any CPU
		{BBCFA6D5-95EA-4B68-A49D-87F644373A38}.Ad-Hoc|iPhoneSimulator.Build.0 = Release|Any CPU
		{BBCFA6D5-95EA-4B68-A49D-87F644373A38}.AppStore|Any CPU.ActiveCfg = Release|Any CPU
		{BBCFA6D5-95EA-4B68-A49D-87F644373A38}.AppStore|Any CPU.Build.0 = Release|Any CPU
		{BBCFA6D5-95EA-4B68-A49D-87F644373A38}.AppStore|iPhone.ActiveCfg = Debug|Any CPU
		{BBCFA6D5-95EA-4B68-A49D-87F644373A38}.AppStore|iPhone.Build.0 = Debug|Any CPU
		{BBCFA6D5-95EA-4B68-A49D-87F644373A38}.AppStore|iPhoneSimulator.ActiveCfg = Release|Any CPU
		{BBCFA6D5-95EA-4B68-A49D-87F644373A38}.AppStore|iPhoneSimulator.Build.0 = Release|Any CPU
		{BBCFA6D5-95EA-4B68-A49D-87F644373A38}.Debug|Any CPU.ActiveCfg = Debug|Any CPU
		{BBCFA6D5-95EA-4B68-A49D-87F644373A38}.Debug|Any CPU.Build.0 = Debug|Any CPU
		{BBCFA6D5-95EA-4B68-A49D-87F644373A38}.Debug|iPhone.ActiveCfg = Debug|Any CPU
		{BBCFA6D5-95EA-4B68-A49D-87F644373A38}.Debug|iPhone.Build.0 = Debug|Any CPU
		{BBCFA6D5-95EA-4B68-A49D-87F644373A38}.Debug|iPhoneSimulator.ActiveCfg = Debug|Any CPU
		{BBCFA6D5-95EA-4B68-A49D-87F644373A38}.Debug|iPhoneSimulator.Build.0 = Debug|Any CPU
		{BBCFA6D5-95EA-4B68-A49D-87F644373A38}.Release|Any CPU.ActiveCfg = Release|Any CPU
		{BBCFA6D5-95EA-4B68-A49D-87F644373A38}.Release|Any CPU.Build.0 = Release|Any CPU
		{BBCFA6D5-95EA-4B68-A49D-87F644373A38}.Release|iPhone.ActiveCfg = Release|Any CPU
		{BBCFA6D5-95EA-4B68-A49D-87F644373A38}.Release|iPhone.Build.0 = Release|Any CPU
		{BBCFA6D5-95EA-4B68-A49D-87F644373A38}.Release|iPhoneSimulator.ActiveCfg = Release|Any CPU
		{BBCFA6D5-95EA-4B68-A49D-87F644373A38}.Release|iPhoneSimulator.Build.0 = Release|Any CPU
	EndGlobalSection
	GlobalSection(SolutionProperties) = preSolution
		HideSolutionNode = FALSE
	EndGlobalSection
	GlobalSection(ExtensibilityGlobals) = postSolution
		SolutionGuid = {F6853FFA-AF7B-4BF8-B211-9973ADBC32C9}
	EndGlobalSection
EndGlobal
